// !$*UTF8*$!
{
	archiveVersion = 1;
	classes = {
	};
	objectVersion = 56;
	objects = {

/* Begin PBXBuildFile section */
		804B08602C5A2A84007D679D /* bonial_taskApp.swift in Sources */ = {isa = PBXBuildFile; fileRef = 804B085F2C5A2A84007D679D /* bonial_taskApp.swift */; };
		804B08642C5A2A85007D679D /* Assets.xcassets in Resources */ = {isa = PBXBuildFile; fileRef = 804B08632C5A2A85007D679D /* Assets.xcassets */; };
		804B08672C5A2A85007D679D /* Preview Assets.xcassets in Resources */ = {isa = PBXBuildFile; fileRef = 804B08662C5A2A85007D679D /* Preview Assets.xcassets */; };
		804B08712C5A2A86007D679D /* bonial_taskTests.swift in Sources */ = {isa = PBXBuildFile; fileRef = 804B08702C5A2A86007D679D /* bonial_taskTests.swift */; };
		804B087B2C5A2A86007D679D /* bonial_taskUITests.swift in Sources */ = {isa = PBXBuildFile; fileRef = 804B087A2C5A2A86007D679D /* bonial_taskUITests.swift */; };
		804B087D2C5A2A86007D679D /* bonial_taskUITestsLaunchTests.swift in Sources */ = {isa = PBXBuildFile; fileRef = 804B087C2C5A2A86007D679D /* bonial_taskUITestsLaunchTests.swift */; };
		804B08922C5A4607007D679D /* NewsModel.swift in Sources */ = {isa = PBXBuildFile; fileRef = 804B08912C5A4607007D679D /* NewsModel.swift */; };
		804B08952C5A463E007D679D /* NewsViewModel.swift in Sources */ = {isa = PBXBuildFile; fileRef = 804B08942C5A463E007D679D /* NewsViewModel.swift */; };
		804B08982C5A4695007D679D /* NewsView.swift in Sources */ = {isa = PBXBuildFile; fileRef = 804B08972C5A4695007D679D /* NewsView.swift */; };
		804E990C2C5A4FAF00225112 /* String.swift in Sources */ = {isa = PBXBuildFile; fileRef = 804E990B2C5A4FAF00225112 /* String.swift */; };
		804E990E2C5A51A900225112 /* ArticleDetailView.swift in Sources */ = {isa = PBXBuildFile; fileRef = 804E990D2C5A51A900225112 /* ArticleDetailView.swift */; };
		804E99102C5A5D5600225112 /* NewListViewTests.swift in Sources */ = {isa = PBXBuildFile; fileRef = 804E990F2C5A5D5600225112 /* NewListViewTests.swift */; };
		804E99132C5A5DEE00225112 /* ViewInspector in Frameworks */ = {isa = PBXBuildFile; productRef = 804E99122C5A5DEE00225112 /* ViewInspector */; };
/* End PBXBuildFile section */

/* Begin PBXContainerItemProxy section */
		804B086D2C5A2A86007D679D /* PBXContainerItemProxy */ = {
			isa = PBXContainerItemProxy;
			containerPortal = 804B08542C5A2A84007D679D /* Project object */;
			proxyType = 1;
			remoteGlobalIDString = 804B085B2C5A2A84007D679D;
			remoteInfo = "bonial-task";
		};
		804B08772C5A2A86007D679D /* PBXContainerItemProxy */ = {
			isa = PBXContainerItemProxy;
			containerPortal = 804B08542C5A2A84007D679D /* Project object */;
			proxyType = 1;
			remoteGlobalIDString = 804B085B2C5A2A84007D679D;
			remoteInfo = "bonial-task";
		};
/* End PBXContainerItemProxy section */

/* Begin PBXFileReference section */
		804B085C2C5A2A84007D679D /* bonial-task.app */ = {isa = PBXFileReference; explicitFileType = wrapper.application; includeInIndex = 0; path = "bonial-task.app"; sourceTree = BUILT_PRODUCTS_DIR; };
		804B085F2C5A2A84007D679D /* bonial_taskApp.swift */ = {isa = PBXFileReference; lastKnownFileType = sourcecode.swift; path = bonial_taskApp.swift; sourceTree = "<group>"; };
		804B08632C5A2A85007D679D /* Assets.xcassets */ = {isa = PBXFileReference; lastKnownFileType = folder.assetcatalog; path = Assets.xcassets; sourceTree = "<group>"; };
		804B08662C5A2A85007D679D /* Preview Assets.xcassets */ = {isa = PBXFileReference; lastKnownFileType = folder.assetcatalog; path = "Preview Assets.xcassets"; sourceTree = "<group>"; };
		804B086C2C5A2A86007D679D /* bonial-taskTests.xctest */ = {isa = PBXFileReference; explicitFileType = wrapper.cfbundle; includeInIndex = 0; path = "bonial-taskTests.xctest"; sourceTree = BUILT_PRODUCTS_DIR; };
		804B08702C5A2A86007D679D /* bonial_taskTests.swift */ = {isa = PBXFileReference; lastKnownFileType = sourcecode.swift; path = bonial_taskTests.swift; sourceTree = "<group>"; };
		804B08762C5A2A86007D679D /* bonial-taskUITests.xctest */ = {isa = PBXFileReference; explicitFileType = wrapper.cfbundle; includeInIndex = 0; path = "bonial-taskUITests.xctest"; sourceTree = BUILT_PRODUCTS_DIR; };
		804B087A2C5A2A86007D679D /* bonial_taskUITests.swift */ = {isa = PBXFileReference; lastKnownFileType = sourcecode.swift; path = bonial_taskUITests.swift; sourceTree = "<group>"; };
		804B087C2C5A2A86007D679D /* bonial_taskUITestsLaunchTests.swift */ = {isa = PBXFileReference; lastKnownFileType = sourcecode.swift; path = bonial_taskUITestsLaunchTests.swift; sourceTree = "<group>"; };
		804B08912C5A4607007D679D /* NewsModel.swift */ = {isa = PBXFileReference; lastKnownFileType = sourcecode.swift; path = NewsModel.swift; sourceTree = "<group>"; };
		804B08942C5A463E007D679D /* NewsViewModel.swift */ = {isa = PBXFileReference; lastKnownFileType = sourcecode.swift; path = NewsViewModel.swift; sourceTree = "<group>"; };
		804B08972C5A4695007D679D /* NewsView.swift */ = {isa = PBXFileReference; lastKnownFileType = sourcecode.swift; path = NewsView.swift; sourceTree = "<group>"; };
		804E990B2C5A4FAF00225112 /* String.swift */ = {isa = PBXFileReference; lastKnownFileType = sourcecode.swift; path = String.swift; sourceTree = "<group>"; };
		804E990D2C5A51A900225112 /* ArticleDetailView.swift */ = {isa = PBXFileReference; lastKnownFileType = sourcecode.swift; path = ArticleDetailView.swift; sourceTree = "<group>"; };
		804E990F2C5A5D5600225112 /* NewListViewTests.swift */ = {isa = PBXFileReference; lastKnownFileType = sourcecode.swift; path = NewListViewTests.swift; sourceTree = "<group>"; };
/* End PBXFileReference section */

/* Begin PBXFrameworksBuildPhase section */
		804B08592C5A2A84007D679D /* Frameworks */ = {
			isa = PBXFrameworksBuildPhase;
			buildActionMask = 2147483647;
			files = (
			);
			runOnlyForDeploymentPostprocessing = 0;
		};
		804B08692C5A2A86007D679D /* Frameworks */ = {
			isa = PBXFrameworksBuildPhase;
			buildActionMask = 2147483647;
			files = (
				804E99132C5A5DEE00225112 /* ViewInspector in Frameworks */,
			);
			runOnlyForDeploymentPostprocessing = 0;
		};
		804B08732C5A2A86007D679D /* Frameworks */ = {
			isa = PBXFrameworksBuildPhase;
			buildActionMask = 2147483647;
			files = (
			);
			runOnlyForDeploymentPostprocessing = 0;
		};
/* End PBXFrameworksBuildPhase section */

/* Begin PBXGroup section */
		804B08532C5A2A84007D679D = {
			isa = PBXGroup;
			children = (
				804B085E2C5A2A84007D679D /* bonial-task */,
				804B086F2C5A2A86007D679D /* bonial-taskTests */,
				804B08792C5A2A86007D679D /* bonial-taskUITests */,
				804B085D2C5A2A84007D679D /* Products */,
			);
			sourceTree = "<group>";
		};
		804B085D2C5A2A84007D679D /* Products */ = {
			isa = PBXGroup;
			children = (
				804B085C2C5A2A84007D679D /* bonial-task.app */,
				804B086C2C5A2A86007D679D /* bonial-taskTests.xctest */,
				804B08762C5A2A86007D679D /* bonial-taskUITests.xctest */,
			);
			name = Products;
			sourceTree = "<group>";
		};
		804B085E2C5A2A84007D679D /* bonial-task */ = {
			isa = PBXGroup;
			children = (
				804E990A2C5A4F9B00225112 /* Extensions */,
				804B08962C5A468E007D679D /* View */,
				804B08932C5A461E007D679D /* ViewModel */,
				804B08902C5A45FE007D679D /* Model */,
				804B085F2C5A2A84007D679D /* bonial_taskApp.swift */,
				804B08632C5A2A85007D679D /* Assets.xcassets */,
				804B08652C5A2A85007D679D /* Preview Content */,
			);
			path = "bonial-task";
			sourceTree = "<group>";
		};
		804B08652C5A2A85007D679D /* Preview Content */ = {
			isa = PBXGroup;
			children = (
				804B08662C5A2A85007D679D /* Preview Assets.xcassets */,
			);
			path = "Preview Content";
			sourceTree = "<group>";
		};
		804B086F2C5A2A86007D679D /* bonial-taskTests */ = {
			isa = PBXGroup;
			children = (
				804B08702C5A2A86007D679D /* bonial_taskTests.swift */,
				804E990F2C5A5D5600225112 /* NewListViewTests.swift */,
			);
			path = "bonial-taskTests";
			sourceTree = "<group>";
		};
		804B08792C5A2A86007D679D /* bonial-taskUITests */ = {
			isa = PBXGroup;
			children = (
				804B087A2C5A2A86007D679D /* bonial_taskUITests.swift */,
				804B087C2C5A2A86007D679D /* bonial_taskUITestsLaunchTests.swift */,
			);
			path = "bonial-taskUITests";
			sourceTree = "<group>";
		};
		804B08902C5A45FE007D679D /* Model */ = {
			isa = PBXGroup;
			children = (
				804B08912C5A4607007D679D /* NewsModel.swift */,
			);
			path = Model;
			sourceTree = "<group>";
		};
		804B08932C5A461E007D679D /* ViewModel */ = {
			isa = PBXGroup;
			children = (
				804B08942C5A463E007D679D /* NewsViewModel.swift */,
			);
			path = ViewModel;
			sourceTree = "<group>";
		};
		804B08962C5A468E007D679D /* View */ = {
			isa = PBXGroup;
			children = (
				804B08972C5A4695007D679D /* NewsView.swift */,
				804E990D2C5A51A900225112 /* ArticleDetailView.swift */,
			);
			path = View;
			sourceTree = "<group>";
		};
		804E990A2C5A4F9B00225112 /* Extensions */ = {
			isa = PBXGroup;
			children = (
				804E990B2C5A4FAF00225112 /* String.swift */,
			);
			path = Extensions;
			sourceTree = "<group>";
		};
/* End PBXGroup section */

/* Begin PBXNativeTarget section */
		804B085B2C5A2A84007D679D /* bonial-task */ = {
			isa = PBXNativeTarget;
			buildConfigurationList = 804B08802C5A2A86007D679D /* Build configuration list for PBXNativeTarget "bonial-task" */;
			buildPhases = (
				804B08582C5A2A84007D679D /* Sources */,
				804B08592C5A2A84007D679D /* Frameworks */,
				804B085A2C5A2A84007D679D /* Resources */,
			);
			buildRules = (
			);
			dependencies = (
			);
			name = "bonial-task";
			productName = "bonial-task";
			productReference = 804B085C2C5A2A84007D679D /* bonial-task.app */;
			productType = "com.apple.product-type.application";
		};
		804B086B2C5A2A86007D679D /* bonial-taskTests */ = {
			isa = PBXNativeTarget;
			buildConfigurationList = 804B08832C5A2A86007D679D /* Build configuration list for PBXNativeTarget "bonial-taskTests" */;
			buildPhases = (
				804B08682C5A2A86007D679D /* Sources */,
				804B08692C5A2A86007D679D /* Frameworks */,
				804B086A2C5A2A86007D679D /* Resources */,
			);
			buildRules = (
			);
			dependencies = (
				804B086E2C5A2A86007D679D /* PBXTargetDependency */,
			);
			name = "bonial-taskTests";
			packageProductDependencies = (
				804E99122C5A5DEE00225112 /* ViewInspector */,
			);
			productName = "bonial-taskTests";
			productReference = 804B086C2C5A2A86007D679D /* bonial-taskTests.xctest */;
			productType = "com.apple.product-type.bundle.unit-test";
		};
		804B08752C5A2A86007D679D /* bonial-taskUITests */ = {
			isa = PBXNativeTarget;
			buildConfigurationList = 804B08862C5A2A86007D679D /* Build configuration list for PBXNativeTarget "bonial-taskUITests" */;
			buildPhases = (
				804B08722C5A2A86007D679D /* Sources */,
				804B08732C5A2A86007D679D /* Frameworks */,
				804B08742C5A2A86007D679D /* Resources */,
			);
			buildRules = (
			);
			dependencies = (
				804B08782C5A2A86007D679D /* PBXTargetDependency */,
			);
			name = "bonial-taskUITests";
			productName = "bonial-taskUITests";
			productReference = 804B08762C5A2A86007D679D /* bonial-taskUITests.xctest */;
			productType = "com.apple.product-type.bundle.ui-testing";
		};
/* End PBXNativeTarget section */

/* Begin PBXProject section */
		804B08542C5A2A84007D679D /* Project object */ = {
			isa = PBXProject;
			attributes = {
				BuildIndependentTargetsInParallel = 1;
				LastSwiftUpdateCheck = 1540;
				LastUpgradeCheck = 1540;
				TargetAttributes = {
					804B085B2C5A2A84007D679D = {
						CreatedOnToolsVersion = 15.4;
					};
					804B086B2C5A2A86007D679D = {
						CreatedOnToolsVersion = 15.4;
						TestTargetID = 804B085B2C5A2A84007D679D;
					};
					804B08752C5A2A86007D679D = {
						CreatedOnToolsVersion = 15.4;
						TestTargetID = 804B085B2C5A2A84007D679D;
					};
				};
			};
			buildConfigurationList = 804B08572C5A2A84007D679D /* Build configuration list for PBXProject "bonial-task" */;
			compatibilityVersion = "Xcode 14.0";
			developmentRegion = en;
			hasScannedForEncodings = 0;
			knownRegions = (
				en,
				Base,
			);
			mainGroup = 804B08532C5A2A84007D679D;
			packageReferences = (
				804E99112C5A5DEE00225112 /* XCRemoteSwiftPackageReference "ViewInspector" */,
			);
			productRefGroup = 804B085D2C5A2A84007D679D /* Products */;
			projectDirPath = "";
			projectRoot = "";
			targets = (
				804B085B2C5A2A84007D679D /* bonial-task */,
				804B086B2C5A2A86007D679D /* bonial-taskTests */,
				804B08752C5A2A86007D679D /* bonial-taskUITests */,
			);
		};
/* End PBXProject section */

/* Begin PBXResourcesBuildPhase section */
		804B085A2C5A2A84007D679D /* Resources */ = {
			isa = PBXResourcesBuildPhase;
			buildActionMask = 2147483647;
			files = (
				804B08672C5A2A85007D679D /* Preview Assets.xcassets in Resources */,
				804B08642C5A2A85007D679D /* Assets.xcassets in Resources */,
			);
			runOnlyForDeploymentPostprocessing = 0;
		};
		804B086A2C5A2A86007D679D /* Resources */ = {
			isa = PBXResourcesBuildPhase;
			buildActionMask = 2147483647;
			files = (
			);
			runOnlyForDeploymentPostprocessing = 0;
		};
		804B08742C5A2A86007D679D /* Resources */ = {
			isa = PBXResourcesBuildPhase;
			buildActionMask = 2147483647;
			files = (
			);
			runOnlyForDeploymentPostprocessing = 0;
		};
/* End PBXResourcesBuildPhase section */

/* Begin PBXSourcesBuildPhase section */
		804B08582C5A2A84007D679D /* Sources */ = {
			isa = PBXSourcesBuildPhase;
			buildActionMask = 2147483647;
			files = (
				804E990E2C5A51A900225112 /* ArticleDetailView.swift in Sources */,
				804B08922C5A4607007D679D /* NewsModel.swift in Sources */,
				804B08602C5A2A84007D679D /* bonial_taskApp.swift in Sources */,
				804E990C2C5A4FAF00225112 /* String.swift in Sources */,
				804B08982C5A4695007D679D /* NewsView.swift in Sources */,
				804B08952C5A463E007D679D /* NewsViewModel.swift in Sources */,
			);
			runOnlyForDeploymentPostprocessing = 0;
		};
		804B08682C5A2A86007D679D /* Sources */ = {
			isa = PBXSourcesBuildPhase;
			buildActionMask = 2147483647;
			files = (
				804B08712C5A2A86007D679D /* bonial_taskTests.swift in Sources */,
				804E99102C5A5D5600225112 /* NewListViewTests.swift in Sources */,
			);
			runOnlyForDeploymentPostprocessing = 0;
		};
		804B08722C5A2A86007D679D /* Sources */ = {
			isa = PBXSourcesBuildPhase;
			buildActionMask = 2147483647;
			files = (
				804B087D2C5A2A86007D679D /* bonial_taskUITestsLaunchTests.swift in Sources */,
				804B087B2C5A2A86007D679D /* bonial_taskUITests.swift in Sources */,
			);
			runOnlyForDeploymentPostprocessing = 0;
		};
/* End PBXSourcesBuildPhase section */

/* Begin PBXTargetDependency section */
		804B086E2C5A2A86007D679D /* PBXTargetDependency */ = {
			isa = PBXTargetDependency;
			target = 804B085B2C5A2A84007D679D /* bonial-task */;
			targetProxy = 804B086D2C5A2A86007D679D /* PBXContainerItemProxy */;
		};
		804B08782C5A2A86007D679D /* PBXTargetDependency */ = {
			isa = PBXTargetDependency;
			target = 804B085B2C5A2A84007D679D /* bonial-task */;
			targetProxy = 804B08772C5A2A86007D679D /* PBXContainerItemProxy */;
		};
/* End PBXTargetDependency section */

/* Begin XCBuildConfiguration section */
		804B087E2C5A2A86007D679D /* Debug */ = {
			isa = XCBuildConfiguration;
			buildSettings = {
				ALWAYS_SEARCH_USER_PATHS = NO;
				ASSETCATALOG_COMPILER_GENERATE_SWIFT_ASSET_SYMBOL_EXTENSIONS = YES;
				CLANG_ANALYZER_NONNULL = YES;
				CLANG_ANALYZER_NUMBER_OBJECT_CONVERSION = YES_AGGRESSIVE;
				CLANG_CXX_LANGUAGE_STANDARD = "gnu++20";
				CLANG_ENABLE_MODULES = YES;
				CLANG_ENABLE_OBJC_ARC = YES;
				CLANG_ENABLE_OBJC_WEAK = YES;
				CLANG_WARN_BLOCK_CAPTURE_AUTORELEASING = YES;
				CLANG_WARN_BOOL_CONVERSION = YES;
				CLANG_WARN_COMMA = YES;
				CLANG_WARN_CONSTANT_CONVERSION = YES;
				CLANG_WARN_DEPRECATED_OBJC_IMPLEMENTATIONS = YES;
				CLANG_WARN_DIRECT_OBJC_ISA_USAGE = YES_ERROR;
				CLANG_WARN_DOCUMENTATION_COMMENTS = YES;
				CLANG_WARN_EMPTY_BODY = YES;
				CLANG_WARN_ENUM_CONVERSION = YES;
				CLANG_WARN_INFINITE_RECURSION = YES;
				CLANG_WARN_INT_CONVERSION = YES;
				CLANG_WARN_NON_LITERAL_NULL_CONVERSION = YES;
				CLANG_WARN_OBJC_IMPLICIT_RETAIN_SELF = YES;
				CLANG_WARN_OBJC_LITERAL_CONVERSION = YES;
				CLANG_WARN_OBJC_ROOT_CLASS = YES_ERROR;
				CLANG_WARN_QUOTED_INCLUDE_IN_FRAMEWORK_HEADER = YES;
				CLANG_WARN_RANGE_LOOP_ANALYSIS = YES;
				CLANG_WARN_STRICT_PROTOTYPES = YES;
				CLANG_WARN_SUSPICIOUS_MOVE = YES;
				CLANG_WARN_UNGUARDED_AVAILABILITY = YES_AGGRESSIVE;
				CLANG_WARN_UNREACHABLE_CODE = YES;
				CLANG_WARN__DUPLICATE_METHOD_MATCH = YES;
				COPY_PHASE_STRIP = NO;
				DEBUG_INFORMATION_FORMAT = dwarf;
				ENABLE_STRICT_OBJC_MSGSEND = YES;
				ENABLE_TESTABILITY = YES;
				ENABLE_USER_SCRIPT_SANDBOXING = YES;
				GCC_C_LANGUAGE_STANDARD = gnu17;
				GCC_DYNAMIC_NO_PIC = NO;
				GCC_NO_COMMON_BLOCKS = YES;
				GCC_OPTIMIZATION_LEVEL = 0;
				GCC_PREPROCESSOR_DEFINITIONS = (
					"DEBUG=1",
					"$(inherited)",
				);
				GCC_WARN_64_TO_32_BIT_CONVERSION = YES;
				GCC_WARN_ABOUT_RETURN_TYPE = YES_ERROR;
				GCC_WARN_UNDECLARED_SELECTOR = YES;
				GCC_WARN_UNINITIALIZED_AUTOS = YES_AGGRESSIVE;
				GCC_WARN_UNUSED_FUNCTION = YES;
				GCC_WARN_UNUSED_VARIABLE = YES;
				IPHONEOS_DEPLOYMENT_TARGET = 17.5;
				LOCALIZATION_PREFERS_STRING_CATALOGS = YES;
				MTL_ENABLE_DEBUG_INFO = INCLUDE_SOURCE;
				MTL_FAST_MATH = YES;
				ONLY_ACTIVE_ARCH = YES;
				SDKROOT = iphoneos;
				SWIFT_ACTIVE_COMPILATION_CONDITIONS = "DEBUG $(inherited)";
				SWIFT_OPTIMIZATION_LEVEL = "-Onone";
			};
			name = Debug;
		};
		804B087F2C5A2A86007D679D /* Release */ = {
			isa = XCBuildConfiguration;
			buildSettings = {
				ALWAYS_SEARCH_USER_PATHS = NO;
				ASSETCATALOG_COMPILER_GENERATE_SWIFT_ASSET_SYMBOL_EXTENSIONS = YES;
				CLANG_ANALYZER_NONNULL = YES;
				CLANG_ANALYZER_NUMBER_OBJECT_CONVERSION = YES_AGGRESSIVE;
				CLANG_CXX_LANGUAGE_STANDARD = "gnu++20";
				CLANG_ENABLE_MODULES = YES;
				CLANG_ENABLE_OBJC_ARC = YES;
				CLANG_ENABLE_OBJC_WEAK = YES;
				CLANG_WARN_BLOCK_CAPTURE_AUTORELEASING = YES;
				CLANG_WARN_BOOL_CONVERSION = YES;
				CLANG_WARN_COMMA = YES;
				CLANG_WARN_CONSTANT_CONVERSION = YES;
				CLANG_WARN_DEPRECATED_OBJC_IMPLEMENTATIONS = YES;
				CLANG_WARN_DIRECT_OBJC_ISA_USAGE = YES_ERROR;
				CLANG_WARN_DOCUMENTATION_COMMENTS = YES;
				CLANG_WARN_EMPTY_BODY = YES;
				CLANG_WARN_ENUM_CONVERSION = YES;
				CLANG_WARN_INFINITE_RECURSION = YES;
				CLANG_WARN_INT_CONVERSION = YES;
				CLANG_WARN_NON_LITERAL_NULL_CONVERSION = YES;
				CLANG_WARN_OBJC_IMPLICIT_RETAIN_SELF = YES;
				CLANG_WARN_OBJC_LITERAL_CONVERSION = YES;
				CLANG_WARN_OBJC_ROOT_CLASS = YES_ERROR;
				CLANG_WARN_QUOTED_INCLUDE_IN_FRAMEWORK_HEADER = YES;
				CLANG_WARN_RANGE_LOOP_ANALYSIS = YES;
				CLANG_WARN_STRICT_PROTOTYPES = YES;
				CLANG_WARN_SUSPICIOUS_MOVE = YES;
				CLANG_WARN_UNGUARDED_AVAILABILITY = YES_AGGRESSIVE;
				CLANG_WARN_UNREACHABLE_CODE = YES;
				CLANG_WARN__DUPLICATE_METHOD_MATCH = YES;
				COPY_PHASE_STRIP = NO;
				DEBUG_INFORMATION_FORMAT = "dwarf-with-dsym";
				ENABLE_NS_ASSERTIONS = NO;
				ENABLE_STRICT_OBJC_MSGSEND = YES;
				ENABLE_USER_SCRIPT_SANDBOXING = YES;
				GCC_C_LANGUAGE_STANDARD = gnu17;
				GCC_NO_COMMON_BLOCKS = YES;
				GCC_WARN_64_TO_32_BIT_CONVERSION = YES;
				GCC_WARN_ABOUT_RETURN_TYPE = YES_ERROR;
				GCC_WARN_UNDECLARED_SELECTOR = YES;
				GCC_WARN_UNINITIALIZED_AUTOS = YES_AGGRESSIVE;
				GCC_WARN_UNUSED_FUNCTION = YES;
				GCC_WARN_UNUSED_VARIABLE = YES;
				IPHONEOS_DEPLOYMENT_TARGET = 17.5;
				LOCALIZATION_PREFERS_STRING_CATALOGS = YES;
				MTL_ENABLE_DEBUG_INFO = NO;
				MTL_FAST_MATH = YES;
				SDKROOT = iphoneos;
				SWIFT_COMPILATION_MODE = wholemodule;
				VALIDATE_PRODUCT = YES;
			};
			name = Release;
		};
		804B08812C5A2A86007D679D /* Debug */ = {
			isa = XCBuildConfiguration;
			buildSettings = {
				ASSETCATALOG_COMPILER_APPICON_NAME = AppIcon;
				ASSETCATALOG_COMPILER_GLOBAL_ACCENT_COLOR_NAME = AccentColor;
				CODE_SIGN_STYLE = Automatic;
				CURRENT_PROJECT_VERSION = 1;
				DEVELOPMENT_ASSET_PATHS = "\"bonial-task/Preview Content\"";
				DEVELOPMENT_TEAM = XXYB66DA42;
				ENABLE_PREVIEWS = YES;
				GENERATE_INFOPLIST_FILE = YES;
				INFOPLIST_KEY_UIApplicationSceneManifest_Generation = YES;
				INFOPLIST_KEY_UIApplicationSupportsIndirectInputEvents = YES;
				INFOPLIST_KEY_UILaunchScreen_Generation = YES;
				INFOPLIST_KEY_UISupportedInterfaceOrientations_iPad = "UIInterfaceOrientationPortrait UIInterfaceOrientationPortraitUpsideDown UIInterfaceOrientationLandscapeLeft UIInterfaceOrientationLandscapeRight";
				INFOPLIST_KEY_UISupportedInterfaceOrientations_iPhone = "UIInterfaceOrientationPortrait UIInterfaceOrientationLandscapeLeft UIInterfaceOrientationLandscapeRight";
				LD_RUNPATH_SEARCH_PATHS = (
					"$(inherited)",
					"@executable_path/Frameworks",
				);
				MARKETING_VERSION = 1.0;
				PRODUCT_BUNDLE_IDENTIFIER = "com.efemaz.bonial-task";
				PRODUCT_NAME = "$(TARGET_NAME)";
				SWIFT_EMIT_LOC_STRINGS = YES;
				SWIFT_VERSION = 5.0;
				TARGETED_DEVICE_FAMILY = "1,2";
			};
			name = Debug;
		};
		804B08822C5A2A86007D679D /* Release */ = {
			isa = XCBuildConfiguration;
			buildSettings = {
				ASSETCATALOG_COMPILER_APPICON_NAME = AppIcon;
				ASSETCATALOG_COMPILER_GLOBAL_ACCENT_COLOR_NAME = AccentColor;
				CODE_SIGN_STYLE = Automatic;
				CURRENT_PROJECT_VERSION = 1;
				DEVELOPMENT_ASSET_PATHS = "\"bonial-task/Preview Content\"";
				DEVELOPMENT_TEAM = XXYB66DA42;
				ENABLE_PREVIEWS = YES;
				GENERATE_INFOPLIST_FILE = YES;
				INFOPLIST_KEY_UIApplicationSceneManifest_Generation = YES;
				INFOPLIST_KEY_UIApplicationSupportsIndirectInputEvents = YES;
				INFOPLIST_KEY_UILaunchScreen_Generation = YES;
				INFOPLIST_KEY_UISupportedInterfaceOrientations_iPad = "UIInterfaceOrientationPortrait UIInterfaceOrientationPortraitUpsideDown UIInterfaceOrientationLandscapeLeft UIInterfaceOrientationLandscapeRight";
				INFOPLIST_KEY_UISupportedInterfaceOrientations_iPhone = "UIInterfaceOrientationPortrait UIInterfaceOrientationLandscapeLeft UIInterfaceOrientationLandscapeRight";
				LD_RUNPATH_SEARCH_PATHS = (
					"$(inherited)",
					"@executable_path/Frameworks",
				);
				MARKETING_VERSION = 1.0;
				PRODUCT_BUNDLE_IDENTIFIER = "com.efemaz.bonial-task";
				PRODUCT_NAME = "$(TARGET_NAME)";
				SWIFT_EMIT_LOC_STRINGS = YES;
				SWIFT_VERSION = 5.0;
				TARGETED_DEVICE_FAMILY = "1,2";
			};
			name = Release;
		};
		804B08842C5A2A86007D679D /* Debug */ = {
			isa = XCBuildConfiguration;
			buildSettings = {
				ALWAYS_EMBED_SWIFT_STANDARD_LIBRARIES = YES;
				BUNDLE_LOADER = "$(TEST_HOST)";
				CODE_SIGN_STYLE = Automatic;
				CURRENT_PROJECT_VERSION = 1;
				DEVELOPMENT_TEAM = XXYB66DA42;
				GENERATE_INFOPLIST_FILE = YES;
				IPHONEOS_DEPLOYMENT_TARGET = 17.5;
				MARKETING_VERSION = 1.0;
				PRODUCT_BUNDLE_IDENTIFIER = "com.efemaz.bonial-taskTests";
				PRODUCT_NAME = "$(TARGET_NAME)";
				SWIFT_EMIT_LOC_STRINGS = NO;
				SWIFT_VERSION = 5.0;
				TARGETED_DEVICE_FAMILY = "1,2";
				TEST_HOST = "$(BUILT_PRODUCTS_DIR)/bonial-task.app/$(BUNDLE_EXECUTABLE_FOLDER_PATH)/bonial-task";
			};
			name = Debug;
		};
		804B08852C5A2A86007D679D /* Release */ = {
			isa = XCBuildConfiguration;
			buildSettings = {
				ALWAYS_EMBED_SWIFT_STANDARD_LIBRARIES = YES;
				BUNDLE_LOADER = "$(TEST_HOST)";
				CODE_SIGN_STYLE = Automatic;
				CURRENT_PROJECT_VERSION = 1;
				DEVELOPMENT_TEAM = XXYB66DA42;
				GENERATE_INFOPLIST_FILE = YES;
				IPHONEOS_DEPLOYMENT_TARGET = 17.5;
				MARKETING_VERSION = 1.0;
				PRODUCT_BUNDLE_IDENTIFIER = "com.efemaz.bonial-taskTests";
				PRODUCT_NAME = "$(TARGET_NAME)";
				SWIFT_EMIT_LOC_STRINGS = NO;
				SWIFT_VERSION = 5.0;
				TARGETED_DEVICE_FAMILY = "1,2";
				TEST_HOST = "$(BUILT_PRODUCTS_DIR)/bonial-task.app/$(BUNDLE_EXECUTABLE_FOLDER_PATH)/bonial-task";
			};
			name = Release;
		};
		804B08872C5A2A86007D679D /* Debug */ = {
			isa = XCBuildConfiguration;
			buildSettings = {
				ALWAYS_EMBED_SWIFT_STANDARD_LIBRARIES = YES;
				CODE_SIGN_STYLE = Automatic;
				CURRENT_PROJECT_VERSION = 1;
				DEVELOPMENT_TEAM = XXYB66DA42;
				GENERATE_INFOPLIST_FILE = YES;
				MARKETING_VERSION = 1.0;
				PRODUCT_BUNDLE_IDENTIFIER = "com.efemaz.bonial-taskUITests";
				PRODUCT_NAME = "$(TARGET_NAME)";
				SWIFT_EMIT_LOC_STRINGS = NO;
				SWIFT_VERSION = 5.0;
				TARGETED_DEVICE_FAMILY = "1,2";
				TEST_TARGET_NAME = "bonial-task";
			};
			name = Debug;
		};
		804B08882C5A2A86007D679D /* Release */ = {
			isa = XCBuildConfiguration;
			buildSettings = {
				ALWAYS_EMBED_SWIFT_STANDARD_LIBRARIES = YES;
				CODE_SIGN_STYLE = Automatic;
				CURRENT_PROJECT_VERSION = 1;
				DEVELOPMENT_TEAM = XXYB66DA42;
				GENERATE_INFOPLIST_FILE = YES;
				MARKETING_VERSION = 1.0;
				PRODUCT_BUNDLE_IDENTIFIER = "com.efemaz.bonial-taskUITests";
				PRODUCT_NAME = "$(TARGET_NAME)";
				SWIFT_EMIT_LOC_STRINGS = NO;
				SWIFT_VERSION = 5.0;
				TARGETED_DEVICE_FAMILY = "1,2";
				TEST_TARGET_NAME = "bonial-task";
			};
			name = Release;
		};
/* End XCBuildConfiguration section */

/* Begin XCConfigurationList section */
		804B08572C5A2A84007D679D /* Build configuration list for PBXProject "bonial-task" */ = {
			isa = XCConfigurationList;
			buildConfigurations = (
				804B087E2C5A2A86007D679D /* Debug */,
				804B087F2C5A2A86007D679D /* Release */,
			);
			defaultConfigurationIsVisible = 0;
			defaultConfigurationName = Release;
		};
		804B08802C5A2A86007D679D /* Build configuration list for PBXNativeTarget "bonial-task" */ = {
			isa = XCConfigurationList;
			buildConfigurations = (
				804B08812C5A2A86007D679D /* Debug */,
				804B08822C5A2A86007D679D /* Release */,
			);
			defaultConfigurationIsVisible = 0;
			defaultConfigurationName = Release;
		};
		804B08832C5A2A86007D679D /* Build configuration list for PBXNativeTarget "bonial-taskTests" */ = {
			isa = XCConfigurationList;
			buildConfigurations = (
				804B08842C5A2A86007D679D /* Debug */,
				804B08852C5A2A86007D679D /* Release */,
			);
			defaultConfigurationIsVisible = 0;
			defaultConfigurationName = Release;
		};
		804B08862C5A2A86007D679D /* Build configuration list for PBXNativeTarget "bonial-taskUITests" */ = {
			isa = XCConfigurationList;
			buildConfigurations = (
				804B08872C5A2A86007D679D /* Debug */,
				804B08882C5A2A86007D679D /* Release */,
			);
			defaultConfigurationIsVisible = 0;
			defaultConfigurationName = Release;
		};
/* End XCConfigurationList section */

/* Begin XCRemoteSwiftPackageReference section */
		804E99112C5A5DEE00225112 /* XCRemoteSwiftPackageReference "ViewInspector" */ = {
			isa = XCRemoteSwiftPackageReference;
			repositoryURL = "https://github.com/nalexn/ViewInspector";
			requirement = {
				kind = upToNextMajorVersion;
				minimumVersion = 0.9.11;
			};
		};
/* End XCRemoteSwiftPackageReference section */

/* Begin XCSwiftPackageProductDependency section */
		804E99122C5A5DEE00225112 /* ViewInspector */ = {
			isa = XCSwiftPackageProductDependency;
			package = 804E99112C5A5DEE00225112 /* XCRemoteSwiftPackageReference "ViewInspector" */;
			productName = ViewInspector;
		};
/* End XCSwiftPackageProductDependency section */
	};
	rootObject = 804B08542C5A2A84007D679D /* Project object */;
}
